
Microsoft Visual Studio Solution File, Format Version 12.00
# Visual Studio 15
VisualStudioVersion = 15.0.28307.902
MinimumVisualStudioVersion = 10.0.40219.1
Project("{FAE04EC0-301F-11D3-BF4B-00C04F79EFBC}") = "BE", "BE\BE.csproj", "{772764C1-EAE4-4F01-B7B0-380676A91240}"
EndProject
Project("{FAE04EC0-301F-11D3-BF4B-00C04F79EFBC}") = "DAL", "DAL\DAL.csproj", "{F13FABFA-A9A5-47A7-BA44-5CE82CB64C1E}"
EndProject
Project("{FAE04EC0-301F-11D3-BF4B-00C04F79EFBC}") = "BL", "BL\BL.csproj", "{D5B25F9C-85A0-427D-A49D-693CDF74386D}"
EndProject
Project("{FAE04EC0-301F-11D3-BF4B-00C04F79EFBC}") = "DS", "DS\DS.csproj", "{1B727394-1FDF-4E14-B984-09CC941CA55F}"
EndProject
Project("{FAE04EC0-301F-11D3-BF4B-00C04F79EFBC}") = "PLwpf", "UI\PLwpf.csproj", "{354276A0-2BE8-4003-8405-509A60D7E90F}"
EndProject
Global
	GlobalSection(SolutionConfigurationPlatforms) = preSolution
		Debug|Any CPU = Debug|Any CPU
		Release|Any CPU = Release|Any CPU
	EndGlobalSection
	GlobalSection(ProjectConfigurationPlatforms) = postSolution
		{772764C1-EAE4-4F01-B7B0-380676A91240}.Debug|Any CPU.ActiveCfg = Debug|Any CPU
		{772764C1-EAE4-4F01-B7B0-380676A91240}.Debug|Any CPU.Build.0 = Debug|Any CPU
		{772764C1-EAE4-4F01-B7B0-380676A91240}.Release|Any CPU.ActiveCfg = Release|Any CPU
		{772764C1-EAE4-4F01-B7B0-380676A91240}.Release|Any CPU.Build.0 = Release|Any CPU
		{F13FABFA-A9A5-47A7-BA44-5CE82CB64C1E}.Debug|Any CPU.ActiveCfg = Debug|Any CPU
		{F13FABFA-A9A5-47A7-BA44-5CE82CB64C1E}.Debug|Any CPU.Build.0 = Debug|Any CPU
		{F13FABFA-A9A5-47A7-BA44-5CE82CB64C1E}.Release|Any CPU.ActiveCfg = Release|Any CPU
		{F13FABFA-A9A5-47A7-BA44-5CE82CB64C1E}.Release|Any CPU.Build.0 = Release|Any CPU
		{D5B25F9C-85A0-427D-A49D-693CDF74386D}.Debug|Any CPU.ActiveCfg = Debug|Any CPU
		{D5B25F9C-85A0-427D-A49D-693CDF74386D}.Debug|Any CPU.Build.0 = Debug|Any CPU
		{D5B25F9C-85A0-427D-A49D-693CDF74386D}.Release|Any CPU.ActiveCfg = Release|Any CPU
		{D5B25F9C-85A0-427D-A49D-693CDF74386D}.Release|Any CPU.Build.0 = Release|Any CPU
		{1B727394-1FDF-4E14-B984-09CC941CA55F}.Debug|Any CPU.ActiveCfg = Debug|Any CPU
		{1B727394-1FDF-4E14-B984-09CC941CA55F}.Debug|Any CPU.Build.0 = Debug|Any CPU
		{1B727394-1FDF-4E14-B984-09CC941CA55F}.Release|Any CPU.ActiveCfg = Release|Any CPU
		{1B727394-1FDF-4E14-B984-09CC941CA55F}.Release|Any CPU.Build.0 = Release|Any CPU
		{354276A0-2BE8-4003-8405-509A60D7E90F}.Debug|Any CPU.ActiveCfg = Debug|Any CPU
		{354276A0-2BE8-4003-8405-509A60D7E90F}.Debug|Any CPU.Build.0 = Debug|Any CPU
		{354276A0-2BE8-4003-8405-509A60D7E90F}.Release|Any CPU.ActiveCfg = Release|Any CPU
		{354276A0-2BE8-4003-8405-509A60D7E90F}.Release|Any CPU.Build.0 = Release|Any CPU
	EndGlobalSection
	GlobalSection(SolutionProperties) = preSolution
		HideSolutionNode = FALSE
	EndGlobalSection
	GlobalSection(ExtensibilityGlobals) = postSolution
		SolutionGuid = {756F52F3-232E-48C1-8686-92B43755C8DA}
	EndGlobalSection
EndGlobal
